
Microsoft Visual Studio Solution File, Format Version 12.00
# Visual Studio 15
VisualStudioVersion = 15.0.26124.0
MinimumVisualStudioVersion = 15.0.26124.0
Project("{2150E333-8FDC-42A3-9474-1A3956D46DE8}") = "src", "src", "{75A06158-A563-4845-B678-F94BD5A1DD19}"
EndProject
Project("{9A19103F-16F7-4668-BE54-9A1E7A4F7556}") = "Nxt", "src\Nxt\Nxt.csproj", "{99A25EEF-F55D-42B5-98A0-CCE21DC70FE2}"
EndProject
Project("{2150E333-8FDC-42A3-9474-1A3956D46DE8}") = "tools", "tools", "{34E48D40-C0BC-4B26-9B7F-389145D0CED0}"
EndProject
Project("{9A19103F-16F7-4668-BE54-9A1E7A4F7556}") = "NxtFirmwareTool", "tools\NxtFirmwareTool\NxtFirmwareTool.csproj", "{5EAD5FB4-C67A-4E68-B4B2-F1D1B64F70AC}"
EndProject
Project("{FAE04EC0-301F-11D3-BF4B-00C04F79EFBC}") = "PF2FirmwareTool", "tools\PF2FirmwareTool\PF2FirmwareTool.csproj", "{BFFF6E59-C2AF-4B7C-86C6-A03D8F44FACA}"
EndProject
Project("{FAE04EC0-301F-11D3-BF4B-00C04F79EFBC}") = "PF2", "src\PF2\PF2.csproj", "{E37928C6-2043-4CFE-A592-C591288F4F92}"
EndProject
Project("{2150E333-8FDC-42A3-9474-1A3956D46DE8}") = "test", "test", "{0D45448F-66DA-4B89-AF67-58DD6889BC36}"
EndProject
Project("{FAE04EC0-301F-11D3-BF4B-00C04F79EFBC}") = "PF2", "test\PF2\PF2.csproj", "{E0F49A98-CBCF-4FDB-8EA6-15666753EBF4}"
EndProject
Project("{FAE04EC0-301F-11D3-BF4B-00C04F79EFBC}") = "Internal", "src\Internal\Internal.csproj", "{3734CF65-D3C3-476A-9D09-2F52E7090B20}"
EndProject
Global
	GlobalSection(SolutionConfigurationPlatforms) = preSolution
		Debug|Any CPU = Debug|Any CPU
		Debug|ARM = Debug|ARM
		Debug|x64 = Debug|x64
		Debug|x86 = Debug|x86
		Release|Any CPU = Release|Any CPU
		Release|ARM = Release|ARM
		Release|x64 = Release|x64
		Release|x86 = Release|x86
	EndGlobalSection
	GlobalSection(ProjectConfigurationPlatforms) = postSolution
		{99A25EEF-F55D-42B5-98A0-CCE21DC70FE2}.Debug|Any CPU.ActiveCfg = Debug|Any CPU
		{99A25EEF-F55D-42B5-98A0-CCE21DC70FE2}.Debug|Any CPU.Build.0 = Debug|Any CPU
		{99A25EEF-F55D-42B5-98A0-CCE21DC70FE2}.Debug|ARM.ActiveCfg = Debug|Any CPU
		{99A25EEF-F55D-42B5-98A0-CCE21DC70FE2}.Debug|ARM.Build.0 = Debug|Any CPU
		{99A25EEF-F55D-42B5-98A0-CCE21DC70FE2}.Debug|x64.ActiveCfg = Debug|Any CPU
		{99A25EEF-F55D-42B5-98A0-CCE21DC70FE2}.Debug|x64.Build.0 = Debug|Any CPU
		{99A25EEF-F55D-42B5-98A0-CCE21DC70FE2}.Debug|x86.ActiveCfg = Debug|Any CPU
		{99A25EEF-F55D-42B5-98A0-CCE21DC70FE2}.Debug|x86.Build.0 = Debug|Any CPU
		{99A25EEF-F55D-42B5-98A0-CCE21DC70FE2}.Release|Any CPU.ActiveCfg = Release|Any CPU
		{99A25EEF-F55D-42B5-98A0-CCE21DC70FE2}.Release|Any CPU.Build.0 = Release|Any CPU
		{99A25EEF-F55D-42B5-98A0-CCE21DC70FE2}.Release|ARM.ActiveCfg = Release|Any CPU
		{99A25EEF-F55D-42B5-98A0-CCE21DC70FE2}.Release|ARM.Build.0 = Release|Any CPU
		{99A25EEF-F55D-42B5-98A0-CCE21DC70FE2}.Release|x64.ActiveCfg = Release|Any CPU
		{99A25EEF-F55D-42B5-98A0-CCE21DC70FE2}.Release|x64.Build.0 = Release|Any CPU
		{99A25EEF-F55D-42B5-98A0-CCE21DC70FE2}.Release|x86.ActiveCfg = Release|Any CPU
		{99A25EEF-F55D-42B5-98A0-CCE21DC70FE2}.Release|x86.Build.0 = Release|Any CPU
		{5EAD5FB4-C67A-4E68-B4B2-F1D1B64F70AC}.Debug|Any CPU.ActiveCfg = Debug|Any CPU
		{5EAD5FB4-C67A-4E68-B4B2-F1D1B64F70AC}.Debug|Any CPU.Build.0 = Debug|Any CPU
		{5EAD5FB4-C67A-4E68-B4B2-F1D1B64F70AC}.Debug|ARM.ActiveCfg = Debug|Any CPU
		{5EAD5FB4-C67A-4E68-B4B2-F1D1B64F70AC}.Debug|ARM.Build.0 = Debug|Any CPU
		{5EAD5FB4-C67A-4E68-B4B2-F1D1B64F70AC}.Debug|x64.ActiveCfg = Debug|Any CPU
		{5EAD5FB4-C67A-4E68-B4B2-F1D1B64F70AC}.Debug|x64.Build.0 = Debug|Any CPU
		{5EAD5FB4-C67A-4E68-B4B2-F1D1B64F70AC}.Debug|x86.ActiveCfg = Debug|Any CPU
		{5EAD5FB4-C67A-4E68-B4B2-F1D1B64F70AC}.Debug|x86.Build.0 = Debug|Any CPU
		{5EAD5FB4-C67A-4E68-B4B2-F1D1B64F70AC}.Release|Any CPU.ActiveCfg = Release|Any CPU
		{5EAD5FB4-C67A-4E68-B4B2-F1D1B64F70AC}.Release|Any CPU.Build.0 = Release|Any CPU
		{5EAD5FB4-C67A-4E68-B4B2-F1D1B64F70AC}.Release|ARM.ActiveCfg = Release|Any CPU
		{5EAD5FB4-C67A-4E68-B4B2-F1D1B64F70AC}.Release|ARM.Build.0 = Release|Any CPU
		{5EAD5FB4-C67A-4E68-B4B2-F1D1B64F70AC}.Release|x64.ActiveCfg = Release|Any CPU
		{5EAD5FB4-C67A-4E68-B4B2-F1D1B64F70AC}.Release|x64.Build.0 = Release|Any CPU
		{5EAD5FB4-C67A-4E68-B4B2-F1D1B64F70AC}.Release|x86.ActiveCfg = Release|Any CPU
		{5EAD5FB4-C67A-4E68-B4B2-F1D1B64F70AC}.Release|x86.Build.0 = Release|Any CPU
		{BFFF6E59-C2AF-4B7C-86C6-A03D8F44FACA}.Debug|Any CPU.ActiveCfg = Debug|Any CPU
		{BFFF6E59-C2AF-4B7C-86C6-A03D8F44FACA}.Debug|Any CPU.Build.0 = Debug|Any CPU
		{BFFF6E59-C2AF-4B7C-86C6-A03D8F44FACA}.Debug|ARM.ActiveCfg = Debug|Any CPU
		{BFFF6E59-C2AF-4B7C-86C6-A03D8F44FACA}.Debug|ARM.Build.0 = Debug|Any CPU
		{BFFF6E59-C2AF-4B7C-86C6-A03D8F44FACA}.Debug|x64.ActiveCfg = Debug|Any CPU
		{BFFF6E59-C2AF-4B7C-86C6-A03D8F44FACA}.Debug|x64.Build.0 = Debug|Any CPU
		{BFFF6E59-C2AF-4B7C-86C6-A03D8F44FACA}.Debug|x86.ActiveCfg = Debug|Any CPU
		{BFFF6E59-C2AF-4B7C-86C6-A03D8F44FACA}.Debug|x86.Build.0 = Debug|Any CPU
		{BFFF6E59-C2AF-4B7C-86C6-A03D8F44FACA}.Release|Any CPU.ActiveCfg = Release|Any CPU
		{BFFF6E59-C2AF-4B7C-86C6-A03D8F44FACA}.Release|Any CPU.Build.0 = Release|Any CPU
		{BFFF6E59-C2AF-4B7C-86C6-A03D8F44FACA}.Release|ARM.ActiveCfg = Release|Any CPU
		{BFFF6E59-C2AF-4B7C-86C6-A03D8F44FACA}.Release|ARM.Build.0 = Release|Any CPU
		{BFFF6E59-C2AF-4B7C-86C6-A03D8F44FACA}.Release|x64.ActiveCfg = Release|Any CPU
		{BFFF6E59-C2AF-4B7C-86C6-A03D8F44FACA}.Release|x64.Build.0 = Release|Any CPU
		{BFFF6E59-C2AF-4B7C-86C6-A03D8F44FACA}.Release|x86.ActiveCfg = Release|Any CPU
		{BFFF6E59-C2AF-4B7C-86C6-A03D8F44FACA}.Release|x86.Build.0 = Release|Any CPU
		{E37928C6-2043-4CFE-A592-C591288F4F92}.Debug|Any CPU.ActiveCfg = Debug|Any CPU
		{E37928C6-2043-4CFE-A592-C591288F4F92}.Debug|Any CPU.Build.0 = Debug|Any CPU
		{E37928C6-2043-4CFE-A592-C591288F4F92}.Debug|ARM.ActiveCfg = Debug|Any CPU
		{E37928C6-2043-4CFE-A592-C591288F4F92}.Debug|ARM.Build.0 = Debug|Any CPU
		{E37928C6-2043-4CFE-A592-C591288F4F92}.Debug|x64.ActiveCfg = Debug|Any CPU
		{E37928C6-2043-4CFE-A592-C591288F4F92}.Debug|x64.Build.0 = Debug|Any CPU
		{E37928C6-2043-4CFE-A592-C591288F4F92}.Debug|x86.ActiveCfg = Debug|Any CPU
		{E37928C6-2043-4CFE-A592-C591288F4F92}.Debug|x86.Build.0 = Debug|Any CPU
		{E37928C6-2043-4CFE-A592-C591288F4F92}.Release|Any CPU.ActiveCfg = Release|Any CPU
		{E37928C6-2043-4CFE-A592-C591288F4F92}.Release|Any CPU.Build.0 = Release|Any CPU
		{E37928C6-2043-4CFE-A592-C591288F4F92}.Release|ARM.ActiveCfg = Release|Any CPU
		{E37928C6-2043-4CFE-A592-C591288F4F92}.Release|ARM.Build.0 = Release|Any CPU
		{E37928C6-2043-4CFE-A592-C591288F4F92}.Release|x64.ActiveCfg = Release|Any CPU
		{E37928C6-2043-4CFE-A592-C591288F4F92}.Release|x64.Build.0 = Release|Any CPU
		{E37928C6-2043-4CFE-A592-C591288F4F92}.Release|x86.ActiveCfg = Release|Any CPU
		{E37928C6-2043-4CFE-A592-C591288F4F92}.Release|x86.Build.0 = Release|Any CPU
		{E0F49A98-CBCF-4FDB-8EA6-15666753EBF4}.Debug|Any CPU.ActiveCfg = Debug|Any CPU
		{E0F49A98-CBCF-4FDB-8EA6-15666753EBF4}.Debug|Any CPU.Build.0 = Debug|Any CPU
		{E0F49A98-CBCF-4FDB-8EA6-15666753EBF4}.Debug|ARM.ActiveCfg = Debug|Any CPU
		{E0F49A98-CBCF-4FDB-8EA6-15666753EBF4}.Debug|ARM.Build.0 = Debug|Any CPU
		{E0F49A98-CBCF-4FDB-8EA6-15666753EBF4}.Debug|x64.ActiveCfg = Debug|Any CPU
		{E0F49A98-CBCF-4FDB-8EA6-15666753EBF4}.Debug|x64.Build.0 = Debug|Any CPU
		{E0F49A98-CBCF-4FDB-8EA6-15666753EBF4}.Debug|x86.ActiveCfg = Debug|Any CPU
		{E0F49A98-CBCF-4FDB-8EA6-15666753EBF4}.Debug|x86.Build.0 = Debug|Any CPU
		{E0F49A98-CBCF-4FDB-8EA6-15666753EBF4}.Release|Any CPU.ActiveCfg = Release|Any CPU
		{E0F49A98-CBCF-4FDB-8EA6-15666753EBF4}.Release|Any CPU.Build.0 = Release|Any CPU
		{E0F49A98-CBCF-4FDB-8EA6-15666753EBF4}.Release|ARM.ActiveCfg = Release|Any CPU
		{E0F49A98-CBCF-4FDB-8EA6-15666753EBF4}.Release|ARM.Build.0 = Release|Any CPU
		{E0F49A98-CBCF-4FDB-8EA6-15666753EBF4}.Release|x64.ActiveCfg = Release|Any CPU
		{E0F49A98-CBCF-4FDB-8EA6-15666753EBF4}.Release|x64.Build.0 = Release|Any CPU
		{E0F49A98-CBCF-4FDB-8EA6-15666753EBF4}.Release|x86.ActiveCfg = Release|Any CPU
		{E0F49A98-CBCF-4FDB-8EA6-15666753EBF4}.Release|x86.Build.0 = Release|Any CPU
		{3734CF65-D3C3-476A-9D09-2F52E7090B20}.Debug|Any CPU.ActiveCfg = Debug|Any CPU
		{3734CF65-D3C3-476A-9D09-2F52E7090B20}.Debug|Any CPU.Build.0 = Debug|Any CPU
		{3734CF65-D3C3-476A-9D09-2F52E7090B20}.Debug|ARM.ActiveCfg = Debug|Any CPU
		{3734CF65-D3C3-476A-9D09-2F52E7090B20}.Debug|ARM.Build.0 = Debug|Any CPU
		{3734CF65-D3C3-476A-9D09-2F52E7090B20}.Debug|x64.ActiveCfg = Debug|Any CPU
		{3734CF65-D3C3-476A-9D09-2F52E7090B20}.Debug|x64.Build.0 = Debug|Any CPU
		{3734CF65-D3C3-476A-9D09-2F52E7090B20}.Debug|x86.ActiveCfg = Debug|Any CPU
		{3734CF65-D3C3-476A-9D09-2F52E7090B20}.Debug|x86.Build.0 = Debug|Any CPU
		{3734CF65-D3C3-476A-9D09-2F52E7090B20}.Release|Any CPU.ActiveCfg = Release|Any CPU
		{3734CF65-D3C3-476A-9D09-2F52E7090B20}.Release|Any CPU.Build.0 = Release|Any CPU
		{3734CF65-D3C3-476A-9D09-2F52E7090B20}.Release|ARM.ActiveCfg = Release|Any CPU
		{3734CF65-D3C3-476A-9D09-2F52E7090B20}.Release|ARM.Build.0 = Release|Any CPU
		{3734CF65-D3C3-476A-9D09-2F52E7090B20}.Release|x64.ActiveCfg = Release|Any CPU
		{3734CF65-D3C3-476A-9D09-2F52E7090B20}.Release|x64.Build.0 = Release|Any CPU
		{3734CF65-D3C3-476A-9D09-2F52E7090B20}.Release|x86.ActiveCfg = Release|Any CPU
		{3734CF65-D3C3-476A-9D09-2F52E7090B20}.Release|x86.Build.0 = Release|Any CPU
	EndGlobalSection
	GlobalSection(SolutionProperties) = preSolution
		HideSolutionNode = FALSE
	EndGlobalSection
	GlobalSection(NestedProjects) = preSolution
		{99A25EEF-F55D-42B5-98A0-CCE21DC70FE2} = {75A06158-A563-4845-B678-F94BD5A1DD19}
		{5EAD5FB4-C67A-4E68-B4B2-F1D1B64F70AC} = {34E48D40-C0BC-4B26-9B7F-389145D0CED0}
		{BFFF6E59-C2AF-4B7C-86C6-A03D8F44FACA} = {34E48D40-C0BC-4B26-9B7F-389145D0CED0}
		{E37928C6-2043-4CFE-A592-C591288F4F92} = {75A06158-A563-4845-B678-F94BD5A1DD19}
		{E0F49A98-CBCF-4FDB-8EA6-15666753EBF4} = {0D45448F-66DA-4B89-AF67-58DD6889BC36}
		{3734CF65-D3C3-476A-9D09-2F52E7090B20} = {75A06158-A563-4845-B678-F94BD5A1DD19}
	EndGlobalSection
	GlobalSection(ExtensibilityGlobals) = postSolution
		SolutionGuid = {99AD1268-5DE9-4B68-8C2C-1FB12A25D26A}
	EndGlobalSection
EndGlobal
